// !$*UTF8*$!
{
	archiveVersion = 1;
	classes = {
	};
	objectVersion = 48;
	objects = {

/* Begin PBXBuildFile section */
		051E04972018230A001F53EA /* XMLElement.swift in Sources */ = {isa = PBXBuildFile; fileRef = 051E04962018230A001F53EA /* XMLElement.swift */; };
		051E0499201823D3001F53EA /* XMLHelperDelegate.swift in Sources */ = {isa = PBXBuildFile; fileRef = 051E0498201823D3001F53EA /* XMLHelperDelegate.swift */; };
		051E0565201827C5001F53EA /* 0P00000BMV.xml in Resources */ = {isa = PBXBuildFile; fileRef = 051E04FE201827C5001F53EA /* 0P00000BMV.xml */; };
		051E0566201827C5001F53EA /* 0P0000JQQC.xml in Resources */ = {isa = PBXBuildFile; fileRef = 051E04FF201827C5001F53EA /* 0P0000JQQC.xml */; };
		05682E7D1FDFBC5A003BA076 /* AppDelegate.swift in Sources */ = {isa = PBXBuildFile; fileRef = 05682E7C1FDFBC5A003BA076 /* AppDelegate.swift */; };
		05682E7F1FDFBC5A003BA076 /* ViewController.swift in Sources */ = {isa = PBXBuildFile; fileRef = 05682E7E1FDFBC5A003BA076 /* ViewController.swift */; };
		05682E821FDFBC5A003BA076 /* Main.storyboard in Resources */ = {isa = PBXBuildFile; fileRef = 05682E801FDFBC5A003BA076 /* Main.storyboard */; };
		05682E841FDFBC5A003BA076 /* Assets.xcassets in Resources */ = {isa = PBXBuildFile; fileRef = 05682E831FDFBC5A003BA076 /* Assets.xcassets */; };
		05682E871FDFBC5A003BA076 /* LaunchScreen.storyboard in Resources */ = {isa = PBXBuildFile; fileRef = 05682E851FDFBC5A003BA076 /* LaunchScreen.storyboard */; };
		05682E8F1FDFBCFF003BA076 /* XMLHelper.swift in Sources */ = {isa = PBXBuildFile; fileRef = 05682E8E1FDFBCFF003BA076 /* XMLHelper.swift */; };
		05EE1D5B1FE0F79600853D17 /* data_5-23id.xml in Resources */ = {isa = PBXBuildFile; fileRef = 05EE1D591FE0F60000853D17 /* data_5-23id.xml */; };
/* End PBXBuildFile section */

/* Begin PBXFileReference section */
		051E04962018230A001F53EA /* XMLElement.swift */ = {isa = PBXFileReference; lastKnownFileType = sourcecode.swift; path = XMLElement.swift; sourceTree = "<group>"; };
		051E0498201823D3001F53EA /* XMLHelperDelegate.swift */ = {isa = PBXFileReference; lastKnownFileType = sourcecode.swift; path = XMLHelperDelegate.swift; sourceTree = "<group>"; };
		051E04FE201827C5001F53EA /* 0P00000BMV.xml */ = {isa = PBXFileReference; fileEncoding = 4; lastKnownFileType = text.xml; path = 0P00000BMV.xml; sourceTree = "<group>"; };
		051E04FF201827C5001F53EA /* 0P0000JQQC.xml */ = {isa = PBXFileReference; fileEncoding = 4; lastKnownFileType = text.xml; path = 0P0000JQQC.xml; sourceTree = "<group>"; };
		05682E791FDFBC5A003BA076 /* XMLModeler.app */ = {isa = PBXFileReference; explicitFileType = wrapper.application; includeInIndex = 0; path = XMLModeler.app; sourceTree = BUILT_PRODUCTS_DIR; };
		05682E7C1FDFBC5A003BA076 /* AppDelegate.swift */ = {isa = PBXFileReference; lastKnownFileType = sourcecode.swift; path = AppDelegate.swift; sourceTree = "<group>"; };
		05682E7E1FDFBC5A003BA076 /* ViewController.swift */ = {isa = PBXFileReference; lastKnownFileType = sourcecode.swift; path = ViewController.swift; sourceTree = "<group>"; };
		05682E811FDFBC5A003BA076 /* Base */ = {isa = PBXFileReference; lastKnownFileType = file.storyboard; name = Base; path = Base.lproj/Main.storyboard; sourceTree = "<group>"; };
		05682E831FDFBC5A003BA076 /* Assets.xcassets */ = {isa = PBXFileReference; lastKnownFileType = folder.assetcatalog; path = Assets.xcassets; sourceTree = "<group>"; };
		05682E861FDFBC5A003BA076 /* Base */ = {isa = PBXFileReference; lastKnownFileType = file.storyboard; name = Base; path = Base.lproj/LaunchScreen.storyboard; sourceTree = "<group>"; };
		05682E881FDFBC5A003BA076 /* Info.plist */ = {isa = PBXFileReference; lastKnownFileType = text.plist.xml; path = Info.plist; sourceTree = "<group>"; };
		05682E8E1FDFBCFF003BA076 /* XMLHelper.swift */ = {isa = PBXFileReference; lastKnownFileType = sourcecode.swift; path = XMLHelper.swift; sourceTree = "<group>"; };
		05EE1D591FE0F60000853D17 /* data_5-23id.xml */ = {isa = PBXFileReference; lastKnownFileType = text.xml; path = "data_5-23id.xml"; sourceTree = "<group>"; };
/* End PBXFileReference section */

/* Begin PBXFrameworksBuildPhase section */
		05682E761FDFBC5A003BA076 /* Frameworks */ = {
			isa = PBXFrameworksBuildPhase;
			buildActionMask = 2147483647;
			files = (
			);
			runOnlyForDeploymentPostprocessing = 0;
		};
/* End PBXFrameworksBuildPhase section */

/* Begin PBXGroup section */
		051E049A201827C5001F53EA /* fund_detail_data */ = {
			isa = PBXGroup;
			children = (
				051E04FE201827C5001F53EA /* 0P00000BMV.xml */,
				051E04FF201827C5001F53EA /* 0P0000JQQC.xml */,
			);
			path = fund_detail_data;
			sourceTree = "<group>";
		};
		05682E701FDFBC5A003BA076 = {
			isa = PBXGroup;
			children = (
				05682E7B1FDFBC5A003BA076 /* XMLModeler */,
				05682E7A1FDFBC5A003BA076 /* Products */,
			);
			sourceTree = "<group>";
		};
		05682E7A1FDFBC5A003BA076 /* Products */ = {
			isa = PBXGroup;
			children = (
				05682E791FDFBC5A003BA076 /* XMLModeler.app */,
			);
			name = Products;
			sourceTree = "<group>";
		};
		05682E7B1FDFBC5A003BA076 /* XMLModeler */ = {
			isa = PBXGroup;
			children = (
				05682E7C1FDFBC5A003BA076 /* AppDelegate.swift */,
				05682E7E1FDFBC5A003BA076 /* ViewController.swift */,
				05682E801FDFBC5A003BA076 /* Main.storyboard */,
				05682E831FDFBC5A003BA076 /* Assets.xcassets */,
				05682E851FDFBC5A003BA076 /* LaunchScreen.storyboard */,
				05682E881FDFBC5A003BA076 /* Info.plist */,
				05EE1D591FE0F60000853D17 /* data_5-23id.xml */,
				05682E8E1FDFBCFF003BA076 /* XMLHelper.swift */,
				051E04962018230A001F53EA /* XMLElement.swift */,
				051E0498201823D3001F53EA /* XMLHelperDelegate.swift */,
				051E049A201827C5001F53EA /* fund_detail_data */,
			);
			path = XMLModeler;
			sourceTree = "<group>";
		};
/* End PBXGroup section */

/* Begin PBXNativeTarget section */
		05682E781FDFBC5A003BA076 /* XMLModeler */ = {
			isa = PBXNativeTarget;
			buildConfigurationList = 05682E8B1FDFBC5A003BA076 /* Build configuration list for PBXNativeTarget "XMLModeler" */;
			buildPhases = (
				05682E751FDFBC5A003BA076 /* Sources */,
				05682E761FDFBC5A003BA076 /* Frameworks */,
				05682E771FDFBC5A003BA076 /* Resources */,
			);
			buildRules = (
			);
			dependencies = (
			);
			name = XMLModeler;
			productName = XMLModeler;
			productReference = 05682E791FDFBC5A003BA076 /* XMLModeler.app */;
			productType = "com.apple.product-type.application";
		};
/* End PBXNativeTarget section */

/* Begin PBXProject section */
		05682E711FDFBC5A003BA076 /* Project object */ = {
			isa = PBXProject;
			attributes = {
				LastSwiftUpdateCheck = 0900;
				LastUpgradeCheck = 0900;
				ORGANIZATIONNAME = TerraNova;
				TargetAttributes = {
					05682E781FDFBC5A003BA076 = {
						CreatedOnToolsVersion = 9.0;
						ProvisioningStyle = Automatic;
					};
				};
			};
			buildConfigurationList = 05682E741FDFBC5A003BA076 /* Build configuration list for PBXProject "XMLModeler" */;
			compatibilityVersion = "Xcode 8.0";
			developmentRegion = en;
			hasScannedForEncodings = 0;
			knownRegions = (
				en,
				Base,
			);
			mainGroup = 05682E701FDFBC5A003BA076;
			productRefGroup = 05682E7A1FDFBC5A003BA076 /* Products */;
			projectDirPath = "";
			projectRoot = "";
			targets = (
				05682E781FDFBC5A003BA076 /* XMLModeler */,
			);
		};
/* End PBXProject section */

/* Begin PBXResourcesBuildPhase section */
		05682E771FDFBC5A003BA076 /* Resources */ = {
			isa = PBXResourcesBuildPhase;
			buildActionMask = 2147483647;
			files = (
				05EE1D5B1FE0F79600853D17 /* data_5-23id.xml in Resources */,
				051E0565201827C5001F53EA /* 0P00000BMV.xml in Resources */,
				05682E871FDFBC5A003BA076 /* LaunchScreen.storyboard in Resources */,
				05682E841FDFBC5A003BA076 /* Assets.xcassets in Resources */,
				05682E821FDFBC5A003BA076 /* Main.storyboard in Resources */,
				051E0566201827C5001F53EA /* 0P0000JQQC.xml in Resources */,
			);
			runOnlyForDeploymentPostprocessing = 0;
		};
/* End PBXResourcesBuildPhase section */

/* Begin PBXSourcesBuildPhase section */
		05682E751FDFBC5A003BA076 /* Sources */ = {
			isa = PBXSourcesBuildPhase;
			buildActionMask = 2147483647;
			files = (
				05682E8F1FDFBCFF003BA076 /* XMLHelper.swift in Sources */,
				05682E7F1FDFBC5A003BA076 /* ViewController.swift in Sources */,
				051E04972018230A001F53EA /* XMLElement.swift in Sources */,
				051E0499201823D3001F53EA /* XMLHelperDelegate.swift in Sources */,
				05682E7D1FDFBC5A003BA076 /* AppDelegate.swift in Sources */,
			);
			runOnlyForDeploymentPostprocessing = 0;
		};
/* End PBXSourcesBuildPhase section */

/* Begin PBXVariantGroup section */
		05682E801FDFBC5A003BA076 /* Main.storyboard */ = {
			isa = PBXVariantGroup;
			children = (
				05682E811FDFBC5A003BA076 /* Base */,
			);
			name = Main.storyboard;
			sourceTree = "<group>";
		};
		05682E851FDFBC5A003BA076 /* LaunchScreen.storyboard */ = {
			isa = PBXVariantGroup;
			children = (
				05682E861FDFBC5A003BA076 /* Base */,
			);
			name = LaunchScreen.storyboard;
			sourceTree = "<group>";
		};
/* End PBXVariantGroup section */

/* Begin XCBuildConfiguration section */
		05682E891FDFBC5A003BA076 /* Debug */ = {
			isa = XCBuildConfiguration;
			buildSettings = {
				ALWAYS_SEARCH_USER_PATHS = NO;
				CLANG_ANALYZER_NONNULL = YES;
				CLANG_ANALYZER_NUMBER_OBJECT_CONVERSION = YES_AGGRESSIVE;
				CLANG_CXX_LANGUAGE_STANDARD = "gnu++14";
				CLANG_CXX_LIBRARY = "libc++";
				CLANG_ENABLE_MODULES = YES;
				CLANG_ENABLE_OBJC_ARC = YES;
				CLANG_WARN_BLOCK_CAPTURE_AUTORELEASING = YES;
				CLANG_WARN_BOOL_CONVERSION = YES;
				CLANG_WARN_COMMA = YES;
				CLANG_WARN_CONSTANT_CONVERSION = YES;
				CLANG_WARN_DIRECT_OBJC_ISA_USAGE = YES_ERROR;
				CLANG_WARN_DOCUMENTATION_COMMENTS = YES;
				CLANG_WARN_EMPTY_BODY = YES;
				CLANG_WARN_ENUM_CONVERSION = YES;
				CLANG_WARN_INFINITE_RECURSION = YES;
				CLANG_WARN_INT_CONVERSION = YES;
				CLANG_WARN_NON_LITERAL_NULL_CONVERSION = YES;
				CLANG_WARN_OBJC_LITERAL_CONVERSION = YES;
				CLANG_WARN_OBJC_ROOT_CLASS = YES_ERROR;
				CLANG_WARN_RANGE_LOOP_ANALYSIS = YES;
				CLANG_WARN_STRICT_PROTOTYPES = YES;
				CLANG_WARN_SUSPICIOUS_MOVE = YES;
				CLANG_WARN_UNGUARDED_AVAILABILITY = YES_AGGRESSIVE;
				CLANG_WARN_UNREACHABLE_CODE = YES;
				CLANG_WARN__DUPLICATE_METHOD_MATCH = YES;
				CODE_SIGN_IDENTITY = "iPhone Developer";
				COPY_PHASE_STRIP = NO;
				DEBUG_INFORMATION_FORMAT = dwarf;
				ENABLE_STRICT_OBJC_MSGSEND = YES;
				ENABLE_TESTABILITY = YES;
				GCC_C_LANGUAGE_STANDARD = gnu11;
				GCC_DYNAMIC_NO_PIC = NO;
				GCC_NO_COMMON_BLOCKS = YES;
				GCC_OPTIMIZATION_LEVEL = 0;
				GCC_PREPROCESSOR_DEFINITIONS = (
					"DEBUG=1",
					"$(inherited)",
				);
				GCC_WARN_64_TO_32_BIT_CONVERSION = YES;
				GCC_WARN_ABOUT_RETURN_TYPE = YES_ERROR;
				GCC_WARN_UNDECLARED_SELECTOR = YES;
				GCC_WARN_UNINITIALIZED_AUTOS = YES_AGGRESSIVE;
				GCC_WARN_UNUSED_FUNCTION = YES;
				GCC_WARN_UNUSED_VARIABLE = YES;
				IPHONEOS_DEPLOYMENT_TARGET = 11.0;
				MTL_ENABLE_DEBUG_INFO = YES;
				ONLY_ACTIVE_ARCH = YES;
				SDKROOT = iphoneos;
				SWIFT_ACTIVE_COMPILATION_CONDITIONS = DEBUG;
				SWIFT_OPTIMIZATION_LEVEL = "-Onone";
			};
			name = Debug;
		};
		05682E8A1FDFBC5A003BA076 /* Release */ = {
			isa = XCBuildConfiguration;
			buildSettings = {
				ALWAYS_SEARCH_USER_PATHS = NO;
				CLANG_ANALYZER_NONNULL = YES;
				CLANG_ANALYZER_NUMBER_OBJECT_CONVERSION = YES_AGGRESSIVE;
				CLANG_CXX_LANGUAGE_STANDARD = "gnu++14";
				CLANG_CXX_LIBRARY = "libc++";
				CLANG_ENABLE_MODULES = YES;
				CLANG_ENABLE_OBJC_ARC = YES;
				CLANG_WARN_BLOCK_CAPTURE_AUTORELEASING = YES;
				CLANG_WARN_BOOL_CONVERSION = YES;
				CLANG_WARN_COMMA = YES;
				CLANG_WARN_CONSTANT_CONVERSION = YES;
				CLANG_WARN_DIRECT_OBJC_ISA_USAGE = YES_ERROR;
				CLANG_WARN_DOCUMENTATION_COMMENTS = YES;
				CLANG_WARN_EMPTY_BODY = YES;
				CLANG_WARN_ENUM_CONVERSION = YES;
				CLANG_WARN_INFINITE_RECURSION = YES;
				CLANG_WARN_INT_CONVERSION = YES;
				CLANG_WARN_NON_LITERAL_NULL_CONVERSION = YES;
				CLANG_WARN_OBJC_LITERAL_CONVERSION = YES;
				CLANG_WARN_OBJC_ROOT_CLASS = YES_ERROR;
				CLANG_WARN_RANGE_LOOP_ANALYSIS = YES;
				CLANG_WARN_STRICT_PROTOTYPES = YES;
				CLANG_WARN_SUSPICIOUS_MOVE = YES;
				CLANG_WARN_UNGUARDED_AVAILABILITY = YES_AGGRESSIVE;
				CLANG_WARN_UNREACHABLE_CODE = YES;
				CLANG_WARN__DUPLICATE_METHOD_MATCH = YES;
				CODE_SIGN_IDENTITY = "iPhone Developer";
				COPY_PHASE_STRIP = NO;
				DEBUG_INFORMATION_FORMAT = "dwarf-with-dsym";
				ENABLE_NS_ASSERTIONS = NO;
				ENABLE_STRICT_OBJC_MSGSEND = YES;
				GCC_C_LANGUAGE_STANDARD = gnu11;
				GCC_NO_COMMON_BLOCKS = YES;
				GCC_WARN_64_TO_32_BIT_CONVERSION = YES;
				GCC_WARN_ABOUT_RETURN_TYPE = YES_ERROR;
				GCC_WARN_UNDECLARED_SELECTOR = YES;
				GCC_WARN_UNINITIALIZED_AUTOS = YES_AGGRESSIVE;
				GCC_WARN_UNUSED_FUNCTION = YES;
				GCC_WARN_UNUSED_VARIABLE = YES;
				IPHONEOS_DEPLOYMENT_TARGET = 11.0;
				MTL_ENABLE_DEBUG_INFO = NO;
				SDKROOT = iphoneos;
				SWIFT_OPTIMIZATION_LEVEL = "-Owholemodule";
				VALIDATE_PRODUCT = YES;
			};
			name = Release;
		};
		05682E8C1FDFBC5A003BA076 /* Debug */ = {
			isa = XCBuildConfiguration;
			buildSettings = {
				ASSETCATALOG_COMPILER_APPICON_NAME = AppIcon;
				CODE_SIGN_STYLE = Automatic;
				DEBUG_INFORMATION_FORMAT = "dwarf-with-dsym";
				DEVELOPMENT_TEAM = 75RSBKR4HQ;
				INFOPLIST_FILE = XMLModeler/Info.plist;
				LD_RUNPATH_SEARCH_PATHS = "$(inherited) @executable_path/Frameworks";
				PRODUCT_BUNDLE_IDENTIFIER = com.TerraNova.www.XMLModeler;
				PRODUCT_NAME = "$(TARGET_NAME)";
				SWIFT_VERSION = 4.0;
				TARGETED_DEVICE_FAMILY = "1,2";
			};
			name = Debug;
		};
		05682E8D1FDFBC5A003BA076 /* Release */ = {
			isa = XCBuildConfiguration;
			buildSettings = {
				ASSETCATALOG_COMPILER_APPICON_NAME = AppIcon;
				CODE_SIGN_STYLE = Automatic;
				DEVELOPMENT_TEAM = 75RSBKR4HQ;
				INFOPLIST_FILE = XMLModeler/Info.plist;
				LD_RUNPATH_SEARCH_PATHS = "$(inherited) @executable_path/Frameworks";
				PRODUCT_BUNDLE_IDENTIFIER = com.TerraNova.www.XMLModeler;
				PRODUCT_NAME = "$(TARGET_NAME)";
				SWIFT_VERSION = 4.0;
				TARGETED_DEVICE_FAMILY = "1,2";
			};
			name = Release;
		};
/* End XCBuildConfiguration section */

/* Begin XCConfigurationList section */
		05682E741FDFBC5A003BA076 /* Build configuration list for PBXProject "XMLModeler" */ = {
			isa = XCConfigurationList;
			buildConfigurations = (
				05682E891FDFBC5A003BA076 /* Debug */,
				05682E8A1FDFBC5A003BA076 /* Release */,
			);
			defaultConfigurationIsVisible = 0;
			defaultConfigurationName = Release;
		};
		05682E8B1FDFBC5A003BA076 /* Build configuration list for PBXNativeTarget "XMLModeler" */ = {
			isa = XCConfigurationList;
			buildConfigurations = (
				05682E8C1FDFBC5A003BA076 /* Debug */,
				05682E8D1FDFBC5A003BA076 /* Release */,
			);
			defaultConfigurationIsVisible = 0;
			defaultConfigurationName = Release;
		};
/* End XCConfigurationList section */
	};
	rootObject = 05682E711FDFBC5A003BA076 /* Project object */;
}
